
Microsoft Visual Studio Solution File, Format Version 12.00
# Visual Studio Version 16
VisualStudioVersion = 16.0.29905.134
MinimumVisualStudioVersion = 10.0.40219.1
Project("{FAE04EC0-301F-11D3-BF4B-00C04F79EFBC}") = "Grafika", "Grafika.csproj", "{F1FB2715-16AB-400B-B43A-7675550854E0}"
EndProject
Global
	GlobalSection(SolutionConfigurationPlatforms) = preSolution
		Debug|Any CPU = Debug|Any CPU
		Release|Any CPU = Release|Any CPU
	EndGlobalSection
	GlobalSection(ProjectConfigurationPlatforms) = postSolution
		{F1FB2715-16AB-400B-B43A-7675550854E0}.Debug|Any CPU.ActiveCfg = Debug|Any CPU
		{F1FB2715-16AB-400B-B43A-7675550854E0}.Debug|Any CPU.Build.0 = Debug|Any CPU
		{F1FB2715-16AB-400B-B43A-7675550854E0}.Release|Any CPU.ActiveCfg = Release|Any CPU
		{F1FB2715-16AB-400B-B43A-7675550854E0}.Release|Any CPU.Build.0 = Release|Any CPU
	EndGlobalSection
	GlobalSection(SolutionProperties) = preSolution
		HideSolutionNode = FALSE
	EndGlobalSection
	GlobalSection(ExtensibilityGlobals) = postSolution
		SolutionGuid = {E7E40F19-253D-4BB5-AB10-CB0B3A8B99D5}
	EndGlobalSection
EndGlobal
